<?xml version="1.0" encoding="utf-8"?>
<Project ToolsVersion="4.0" xmlns="http://schemas.microsoft.com/developer/msbuild/2003">
  <ItemGroup>
    <Filter Include="Source Files">
      <UniqueIdentifier>{4FC737F1-C7A5-4376-A066-2A32D752A2FF}</UniqueIdentifier>
      <Extensions>cpp;c;cc;cxx;def;odl;idl;hpj;bat;asm;asmx</Extensions>
    </Filter>
    <Filter Include="Header Files">
      <UniqueIdentifier>{93995380-89BD-4b04-88EB-625FBE52EBFB}</UniqueIdentifier>
      <Extensions>h;hh;hpp;hxx;hm;inl;inc;xsd</Extensions>
    </Filter>
    <Filter Include="Resource Files">
      <UniqueIdentifier>{67DA6AB6-F800-4c08-8B7A-83BB121AAD01}</UniqueIdentifier>
      <Extensions>rc;ico;cur;bmp;dlg;rc2;rct;bin;rgs;gif;jpg;jpeg;jpe;resx;tiff;tif;png;wav;mfcribbon-ms</Extensions>
    </Filter>
    <Filter Include="Resource Files\Shaders">
      <UniqueIdentifier>{0367c764-e474-404f-a405-d4f7153ca580}</UniqueIdentifier>
    </Filter>
    <Filter Include="Resource Files\Textures">
      <UniqueIdentifier>{b94eb7a3-90c0-4e9d-b592-1eb2eb3a9ca5}</UniqueIdentifier>
    </Filter>
    <Filter Include="Resource Files\Objects">
      <UniqueIdentifier>{ca5a5bb5-1e05-45c4-9b1b-23eae7ad7ff7}</UniqueIdentifier>
    </Filter>
    <Filter Include="Source Files\Entities">
      <UniqueIdentifier>{8d3a30f4-c1bd-4339-8f70-8cec8fa266e8}</UniqueIdentifier>
    </Filter>
    <Filter Include="Source Files\Input">
      <UniqueIdentifier>{b933d84b-def3-457e-bc32-711c2d7c145c}</UniqueIdentifier>
    </Filter>
    <Filter Include="Source Files\Models">
      <UniqueIdentifier>{18eed551-9f3e-4298-9056-07769e9a4f8d}</UniqueIdentifier>
    </Filter>
    <Filter Include="Source Files\RenderEngine">
      <UniqueIdentifier>{5f453054-92a9-40a0-a9b8-27e58a6f2fba}</UniqueIdentifier>
    </Filter>
    <Filter Include="Source Files\Terrains">
      <UniqueIdentifier>{74b61db7-0e8b-44fd-ba0b-5ec1c4b8a9a2}</UniqueIdentifier>
    </Filter>
    <Filter Include="Source Files\Textures">
      <UniqueIdentifier>{48ab05c0-34d7-485d-9373-e0907be76589}</UniqueIdentifier>
    </Filter>
    <Filter Include="Header Files\Dependencies">
      <UniqueIdentifier>{950ccbeb-d2e2-431a-8914-025248d12a3d}</UniqueIdentifier>
    </Filter>
    <Filter Include="Source Files\Utilities">
      <UniqueIdentifier>{aaa0e133-e772-4b44-a625-4eb4acef8869}</UniqueIdentifier>
    </Filter>
    <Filter Include="Source Files\GUIs">
      <UniqueIdentifier>{fc264f92-bea9-4516-872a-b4fcd40b2fa5}</UniqueIdentifier>
    </Filter>
    <Filter Include="Source Files\Skybox">
      <UniqueIdentifier>{a82f8194-6aac-43cd-ba5d-cc97bce7000a}</UniqueIdentifier>
    </Filter>
    <Filter Include="Source Files\Water">
      <UniqueIdentifier>{905fd036-a568-40e9-b10b-0699e0d6063c}</UniqueIdentifier>
    </Filter>
    <Filter Include="Source Files\NormalMapping">
      <UniqueIdentifier>{11716de7-9678-4428-8eaf-f3a72a291ea1}</UniqueIdentifier>
    </Filter>
    <Filter Include="Source Files\Font">
      <UniqueIdentifier>{2d268fb5-6fd3-4d65-a5f5-1207506708f6}</UniqueIdentifier>
    </Filter>
    <Filter Include="Source Files\FontData">
      <UniqueIdentifier>{2fdf99e2-6a0f-4096-b667-7b59eaef55a2}</UniqueIdentifier>
    </Filter>
  </ItemGroup>
  <ItemGroup>
    <ClCompile Include="src\Main.cpp">
      <Filter>Source Files</Filter>
    </ClCompile>
    <ClCompile Include="src\Keyboard.cpp">
      <Filter>Source Files\Input</Filter>
    </ClCompile>
    <ClCompile Include="src\Mouse.cpp">
      <Filter>Source Files\Input</Filter>
    </ClCompile>
    <ClCompile Include="src\Scroll.cpp">
      <Filter>Source Files\Input</Filter>
    </ClCompile>
    <ClCompile Include="src\Texture.cpp">
      <Filter>Source Files\Textures</Filter>
    </ClCompile>
    <ClCompile Include="src\TexturedModel.cpp">
      <Filter>Source Files\Textures</Filter>
    </ClCompile>
    <ClCompile Include="src\Utilities.cpp">
      <Filter>Source Files\Utilities</Filter>
    </ClCompile>
    <ClCompile Include="src\RawModel.cpp">
      <Filter>Source Files\Models</Filter>
    </ClCompile>
    <ClCompile Include="src\ShaderProgram.cpp">
      <Filter>Source Files</Filter>
    </ClCompile>
    <ClCompile Include="src\Camera.cpp">
      <Filter>Source Files\Entities</Filter>
    </ClCompile>
    <ClCompile Include="src\Entity.cpp">
      <Filter>Source Files\Entities</Filter>
    </ClCompile>
    <ClCompile Include="src\EntityRenderer.cpp">
      <Filter>Source Files\Entities</Filter>
    </ClCompile>
    <ClCompile Include="src\EntityShader.cpp">
      <Filter>Source Files\Entities</Filter>
    </ClCompile>
    <ClCompile Include="src\Math.cpp">
      <Filter>Source Files\Utilities</Filter>
    </ClCompile>
    <ClCompile Include="src\Loader.cpp">
      <Filter>Source Files\RenderEngine</Filter>
    </ClCompile>
    <ClCompile Include="src\Window.cpp">
      <Filter>Source Files\RenderEngine</Filter>
    </ClCompile>
    <ClCompile Include="src\TextureData.cpp">
      <Filter>Source Files\Textures</Filter>
    </ClCompile>
  </ItemGroup>
  <ItemGroup>
    <ClInclude Include="src\Camera.h">
      <Filter>Source Files\Entities</Filter>
    </ClInclude>
    <ClInclude Include="src\Entity.h">
      <Filter>Source Files\Entities</Filter>
    </ClInclude>
    <ClInclude Include="src\dependencies\stb_image.h">
      <Filter>Header Files\Dependencies</Filter>
    </ClInclude>
    <ClInclude Include="src\Texture.h">
      <Filter>Source Files\Textures</Filter>
    </ClInclude>
    <ClInclude Include="src\Window.h">
      <Filter>Source Files\RenderEngine</Filter>
    </ClInclude>
    <ClInclude Include="src\Mouse.h">
      <Filter>Source Files\Input</Filter>
    </ClInclude>
    <ClInclude Include="src\Keyboard.h">
      <Filter>Source Files\Input</Filter>
    </ClInclude>
    <ClInclude Include="src\Loader.h">
      <Filter>Source Files\RenderEngine</Filter>
    </ClInclude>
    <ClInclude Include="src\Light.h">
      <Filter>Source Files\Entities</Filter>
    </ClInclude>
    <ClInclude Include="src\MasterRenderer.h">
      <Filter>Source Files\RenderEngine</Filter>
    </ClInclude>
    <ClInclude Include="src\TexturedModel.h">
      <Filter>Source Files\Textures</Filter>
    </ClInclude>
    <ClInclude Include="src\Terrain.h">
      <Filter>Source Files\Terrains</Filter>
    </ClInclude>
    <ClInclude Include="src\TerrainTexture.h">
      <Filter>Source Files\Textures</Filter>
    </ClInclude>
    <ClInclude Include="src\TerrainTexturePack.h">
      <Filter>Source Files\Textures</Filter>
    </ClInclude>
    <ClInclude Include="src\Player.h">
      <Filter>Source Files\Entities</Filter>
    </ClInclude>
    <ClInclude Include="src\Scroll.h">
      <Filter>Source Files\Input</Filter>
    </ClInclude>
    <ClInclude Include="src\Math.h">
      <Filter>Source Files\Utilities</Filter>
    </ClInclude>
    <ClInclude Include="src\GuiTexture.h">
      <Filter>Source Files\GUIs</Filter>
    </ClInclude>
    <ClInclude Include="src\EntityRenderer.h">
      <Filter>Source Files\Entities</Filter>
    </ClInclude>
    <ClInclude Include="src\EntityShader.h">
      <Filter>Source Files\Entities</Filter>
    </ClInclude>
    <ClInclude Include="src\TerrainRenderer.h">
      <Filter>Source Files\Terrains</Filter>
    </ClInclude>
    <ClInclude Include="src\TerrainShader.h">
      <Filter>Source Files\Terrains</Filter>
    </ClInclude>
    <ClInclude Include="src\ShaderProgram.h">
      <Filter>Source Files</Filter>
    </ClInclude>
    <ClInclude Include="src\GuiShader.h">
      <Filter>Source Files\GUIs</Filter>
    </ClInclude>
    <ClInclude Include="src\GuiRenderer.h">
      <Filter>Source Files\GUIs</Filter>
    </ClInclude>
    <ClInclude Include="src\SkyboxRenderer.h">
      <Filter>Source Files\Skybox</Filter>
    </ClInclude>
    <ClInclude Include="src\SkyboxShader.h">
      <Filter>Source Files\Skybox</Filter>
    </ClInclude>
    <ClInclude Include="src\MousePicker.h">
      <Filter>Source Files</Filter>
    </ClInclude>
    <ClInclude Include="src\WaterRenderer.h">
      <Filter>Source Files\Water</Filter>
    </ClInclude>
    <ClInclude Include="src\WaterShader.h">
      <Filter>Source Files\Water</Filter>
    </ClInclude>
    <ClInclude Include="src\WaterTile.h">
      <Filter>Source Files\Water</Filter>
    </ClInclude>
    <ClInclude Include="src\Utilities.h">
      <Filter>Source Files\Utilities</Filter>
    </ClInclude>
    <ClInclude Include="src\RawModel.h">
      <Filter>Source Files\Models</Filter>
    </ClInclude>
    <ClInclude Include="src\Time.h">
      <Filter>Source Files\Utilities</Filter>
    </ClInclude>
    <ClInclude Include="src\Timer.h">
      <Filter>Source Files\Utilities</Filter>
    </ClInclude>
    <ClInclude Include="src\WaterFrameBuffers.h">
      <Filter>Source Files\Water</Filter>
    </ClInclude>
    <ClInclude Include="src\VertexNM.h">
      <Filter>Source Files\NormalMapping</Filter>
    </ClInclude>
    <ClInclude Include="src\ModelDataNM.h">
      <Filter>Source Files\NormalMapping</Filter>
    </ClInclude>
    <ClInclude Include="src\NormalMappingRenderer.h">
      <Filter>Source Files\NormalMapping</Filter>
    </ClInclude>
    <ClInclude Include="src\NormalMappingShader.h">
      <Filter>Source Files\NormalMapping</Filter>
    </ClInclude>
    <ClInclude Include="src\TextureData.h">
      <Filter>Source Files\Textures</Filter>
    </ClInclude>
    <ClInclude Include="src\FontRenderer.h">
      <Filter>Source Files\Font</Filter>
    </ClInclude>
    <ClInclude Include="src\FontShader.h">
      <Filter>Source Files\Font</Filter>
    </ClInclude>
    <ClInclude Include="src\Word.h">
      <Filter>Source Files\FontData</Filter>
    </ClInclude>
    <ClInclude Include="src\FontType.h">
      <Filter>Source Files\FontData</Filter>
    </ClInclude>
    <ClInclude Include="src\GUIText.h">
      <Filter>Source Files\FontData</Filter>
    </ClInclude>
    <ClInclude Include="src\Line.h">
      <Filter>Source Files\FontData</Filter>
    </ClInclude>
    <ClInclude Include="src\MetaFile.h">
      <Filter>Source Files\FontData</Filter>
    </ClInclude>
    <ClInclude Include="src\TextMaster.h">
      <Filter>Source Files\FontData</Filter>
    </ClInclude>
    <ClInclude Include="src\TextMeshCreator.h">
      <Filter>Source Files\FontData</Filter>
    </ClInclude>
    <ClInclude Include="src\TextMeshData.h">
      <Filter>Source Files\FontData</Filter>
    </ClInclude>
    <ClInclude Include="src\Character.h">
      <Filter>Source Files\FontData</Filter>
    </ClInclude>
    <ClInclude Include="src\newFont.h">
      <Filter>Source Files\FontData</Filter>
    </ClInclude>
    <ClInclude Include="src\newCharacter.h">
      <Filter>Source Files\FontData</Filter>
    </ClInclude>
  </ItemGroup>
  <ItemGroup>
    <Image Include="res\textures\wall.jpg">
      <Filter>Resource Files\Textures</Filter>
    </Image>
    <Image Include="res\textures\container.jpg">
      <Filter>Resource Files\Textures</Filter>
    </Image>
    <Image Include="res\textures\falcon.jpg">
      <Filter>Resource Files\Textures</Filter>
    </Image>
    <Image Include="res\textures\stallTexture.png">
      <Filter>Resource Files\Textures</Filter>
    </Image>
    <Image Include="res\textures\white.png">
      <Filter>Resource Files\Textures</Filter>
    </Image>
    <Image Include="res\textures\grass.png">
      <Filter>Resource Files\Textures</Filter>
    </Image>
    <Image Include="res\textures\image.png">
      <Filter>Resource Files\Textures</Filter>
    </Image>
    <Image Include="res\textures\tree.png">
      <Filter>Resource Files\Textures</Filter>
    </Image>
    <Image Include="res\textures\fern.png">
      <Filter>Resource Files\Textures</Filter>
    </Image>
    <Image Include="res\textures\flower.png">
      <Filter>Resource Files\Textures</Filter>
    </Image>
    <Image Include="res\textures\grassTexture.png">
      <Filter>Resource Files\Textures</Filter>
    </Image>
    <Image Include="res\textures\grassy.png">
      <Filter>Resource Files\Textures</Filter>
    </Image>
    <Image Include="res\textures\lowPolyTree.png">
      <Filter>Resource Files\Textures</Filter>
    </Image>
    <Image Include="res\textures\path.png">
      <Filter>Resource Files\Textures</Filter>
    </Image>
    <Image Include="res\textures\blendMap.png">
      <Filter>Resource Files\Textures</Filter>
    </Image>
    <Image Include="res\textures\grassFlowers.png">
      <Filter>Resource Files\Textures</Filter>
    </Image>
    <Image Include="res\textures\grassy2.png">
      <Filter>Resource Files\Textures</Filter>
    </Image>
    <Image Include="res\textures\mud.png">
      <Filter>Resource Files\Textures</Filter>
    </Image>
    <Image Include="res\textures\playerTexture.png">
      <Filter>Resource Files\Textures</Filter>
    </Image>
    <Image Include="res\textures\heightmap.png">
      <Filter>Resource Files\Textures</Filter>
    </Image>
    <Image Include="res\textures\test.png">
      <Filter>Resource Files\Textures</Filter>
    </Image>
    <Image Include="res\textures\box.png">
      <Filter>Resource Files\Textures</Filter>
    </Image>
    <Image Include="res\textures\dirt.png">
      <Filter>Resource Files\Textures</Filter>
    </Image>
    <Image Include="res\textures\fernAtlas.png">
      <Filter>Resource Files\Textures</Filter>
    </Image>
    <Image Include="res\textures\grassy3.png">
      <Filter>Resource Files\Textures</Filter>
    </Image>
    <Image Include="res\textures\health.png">
      <Filter>Resource Files\Textures</Filter>
    </Image>
    <Image Include="res\textures\heightmap perlin.jpg">
      <Filter>Resource Files\Textures</Filter>
    </Image>
    <Image Include="res\textures\mossPath256.png">
      <Filter>Resource Files\Textures</Filter>
    </Image>
    <Image Include="res\textures\pine.png">
      <Filter>Resource Files\Textures</Filter>
    </Image>
    <Image Include="res\textures\pinkFlowers.png">
      <Filter>Resource Files\Textures</Filter>
    </Image>
    <Image Include="res\textures\socuwan.png">
      <Filter>Resource Files\Textures</Filter>
    </Image>
    <Image Include="res\textures\thinmatrix.png">
      <Filter>Resource Files\Textures</Filter>
    </Image>
    <Image Include="res\textures\top.png">
      <Filter>Resource Files\Textures</Filter>
    </Image>
    <Image Include="res\textures\back.png">
      <Filter>Resource Files\Textures</Filter>
    </Image>
    <Image Include="res\textures\bottom.png">
      <Filter>Resource Files\Textures</Filter>
    </Image>
    <Image Include="res\textures\front.png">
      <Filter>Resource Files\Textures</Filter>
    </Image>
    <Image Include="res\textures\lamp.png">
      <Filter>Resource Files\Textures</Filter>
    </Image>
    <Image Include="res\textures\left.png">
      <Filter>Resource Files\Textures</Filter>
    </Image>
    <Image Include="res\textures\nightBack.png">
      <Filter>Resource Files\Textures</Filter>
    </Image>
    <Image Include="res\textures\nightBottom.png">
      <Filter>Resource Files\Textures</Filter>
    </Image>
    <Image Include="res\textures\nightFront.png">
      <Filter>Resource Files\Textures</Filter>
    </Image>
    <Image Include="res\textures\nightLeft.png">
      <Filter>Resource Files\Textures</Filter>
    </Image>
    <Image Include="res\textures\nightRight.png">
      <Filter>Resource Files\Textures</Filter>
    </Image>
    <Image Include="res\textures\nightTop.png">
      <Filter>Resource Files\Textures</Filter>
    </Image>
    <Image Include="res\textures\right.png">
      <Filter>Resource Files\Textures</Filter>
    </Image>
    <Image Include="res\textures\ownheightmap.png">
      <Filter>Resource Files\Textures</Filter>
    </Image>
    <Image Include="res\textures\waterDUDV.png">
      <Filter>Resource Files\Textures</Filter>
    </Image>
    <Image Include="res\textures\barrel.png">
      <Filter>Resource Files\Textures</Filter>
    </Image>
    <Image Include="res\textures\barrelNormal.png">
      <Filter>Resource Files\Textures</Filter>
    </Image>
    <Image Include="res\textures\blue.png">
      <Filter>Resource Files\Textures</Filter>
    </Image>
    <Image Include="res\textures\bobbleTree.png">
      <Filter>Resource Files\Textures</Filter>
    </Image>
    <Image Include="res\textures\boulder.png">
      <Filter>Resource Files\Textures</Filter>
    </Image>
    <Image Include="res\textures\boulderNormal.png">
      <Filter>Resource Files\Textures</Filter>
    </Image>
    <Image Include="res\textures\crate.png">
      <Filter>Resource Files\Textures</Filter>
    </Image>
    <Image Include="res\textures\crateNormal.png">
      <Filter>Resource Files\Textures</Filter>
    </Image>
    <Image Include="res\textures\dudv.png">
      <Filter>Resource Files\Textures</Filter>
    </Image>
    <Image Include="res\textures\dudvMap.png">
      <Filter>Resource Files\Textures</Filter>
    </Image>
    <Image Include="res\textures\font.png">
      <Filter>Resource Files\Textures</Filter>
    </Image>
    <Image Include="res\textures\fontSegoe2.png">
      <Filter>Resource Files\Textures</Filter>
    </Image>
    <Image Include="res\textures\foot.png">
      <Filter>Resource Files\Textures</Filter>
    </Image>
    <Image Include="res\textures\footNormal.png">
      <Filter>Resource Files\Textures</Filter>
    </Image>
    <Image Include="res\textures\matchingNormalMap.png">
      <Filter>Resource Files\Textures</Filter>
    </Image>
    <Image Include="res\textures\normal.png">
      <Filter>Resource Files\Textures</Filter>
    </Image>
    <Image Include="res\textures\normalMap.png">
      <Filter>Resource Files\Textures</Filter>
    </Image>
    <Image Include="res\textures\rockDiffuse.png">
      <Filter>Resource Files\Textures</Filter>
    </Image>
    <Image Include="res\textures\rockNormal.png">
      <Filter>Resource Files\Textures</Filter>
    </Image>
    <Image Include="res\textures\rocks.png">
      <Filter>Resource Files\Textures</Filter>
    </Image>
    <Image Include="res\textures\sBack.png">
      <Filter>Resource Files\Textures</Filter>
    </Image>
    <Image Include="res\textures\sDown.png">
      <Filter>Resource Files\Textures</Filter>
    </Image>
    <Image Include="res\textures\sFront.png">
      <Filter>Resource Files\Textures</Filter>
    </Image>
    <Image Include="res\textures\sLeft.png">
      <Filter>Resource Files\Textures</Filter>
    </Image>
    <Image Include="res\textures\sRight.png">
      <Filter>Resource Files\Textures</Filter>
    </Image>
    <Image Include="res\textures\sUp.png">
      <Filter>Resource Files\Textures</Filter>
    </Image>
    <Image Include="res\textures\text.png">
      <Filter>Resource Files\Textures</Filter>
    </Image>
    <Image Include="res\textures\toonRocks.png">
      <Filter>Resource Files\Textures</Filter>
    </Image>
  </ItemGroup>
  <ItemGroup>
    <None Include="res\objects\stall.obj">
      <Filter>Resource Files\Objects</Filter>
    </None>
    <None Include="res\objects\dragon.obj">
      <Filter>Resource Files\Objects</Filter>
    </None>
    <None Include="res\objects\millenium-falcon.obj">
      <Filter>Resource Files\Objects</Filter>
    </None>
    <None Include="res\shaders\terrain.shader">
      <Filter>Resource Files\Shaders</Filter>
    </None>
    <None Include="res\objects\tree.obj">
      <Filter>Resource Files\Objects</Filter>
    </None>
    <None Include="res\objects\bunny.obj">
      <Filter>Resource Files\Objects</Filter>
    </None>
    <None Include="res\objects\exampleOBJ.obj">
      <Filter>Resource Files\Objects</Filter>
    </None>
    <None Include="res\objects\lowPolyTree.obj">
      <Filter>Resource Files\Objects</Filter>
    </None>
    <None Include="res\objects\drone.obj">
      <Filter>Resource Files\Objects</Filter>
    </None>
    <None Include="res\objects\fern.obj">
      <Filter>Resource Files\Objects</Filter>
    </None>
    <None Include="res\objects\grassModel.obj">
      <Filter>Resource Files\Objects</Filter>
    </None>
    <None Include="res\shaders\entity.shader">
      <Filter>Resource Files\Shaders</Filter>
    </None>
    <None Include="res\objects\grass.obj">
      <Filter>Resource Files\Objects</Filter>
    </None>
    <None Include="res\objects\person.obj">
      <Filter>Resource Files\Objects</Filter>
    </None>
    <None Include="res\shaders\skybox.shader">
      <Filter>Resource Files\Shaders</Filter>
    </None>
    <None Include="res\shaders\gui.shader">
      <Filter>Resource Files\Shaders</Filter>
    </None>
    <None Include="res\objects\stanfordBunny.obj">
      <Filter>Resource Files\Objects</Filter>
    </None>
    <None Include="res\objects\box.obj">
      <Filter>Resource Files\Objects</Filter>
    </None>
    <None Include="res\objects\lamp.obj">
      <Filter>Resource Files\Objects</Filter>
    </None>
    <None Include="res\objects\pine.obj">
      <Filter>Resource Files\Objects</Filter>
    </None>
    <None Include="res\shaders\water.shader">
      <Filter>Resource Files\Shaders</Filter>
    </None>
    <None Include="res\shaders\normalMap.shader">
      <Filter>Resource Files\Shaders</Filter>
    </None>
    <None Include="res\objects\toonRocks.obj">
      <Filter>Resource Files\Objects</Filter>
    </None>
    <None Include="res\objects\bobbleTree.obj">
      <Filter>Resource Files\Objects</Filter>
    </None>
    <None Include="res\objects\boulder.obj">
      <Filter>Resource Files\Objects</Filter>
    </None>
    <None Include="res\objects\Box2.obj">
      <Filter>Resource Files\Objects</Filter>
    </None>
    <None Include="res\objects\crate.obj">
      <Filter>Resource Files\Objects</Filter>
    </None>
    <None Include="res\objects\dirt.obj">
      <Filter>Resource Files\Objects</Filter>
    </None>
    <None Include="res\objects\foot.obj">
      <Filter>Resource Files\Objects</Filter>
    </None>
    <None Include="res\objects\newRock.obj">
      <Filter>Resource Files\Objects</Filter>
    </None>
    <None Include="res\objects\plane.obj">
      <Filter>Resource Files\Objects</Filter>
    </None>
    <None Include="res\objects\rocks (1).obj">
      <Filter>Resource Files\Objects</Filter>
    </None>
    <None Include="res\objects\rocks.obj">
      <Filter>Resource Files\Objects</Filter>
    </None>
    <None Include="res\shaders\font.shader">
      <Filter>Resource Files\Shaders</Filter>
    </None>
    <None Include="res\objects\barrel.obj">
      <Filter>Resource Files\Objects</Filter>
    </None>
  </ItemGroup>
</Project>