<?xml version="1.0" encoding="utf-8"?>
<Project ToolsVersion="4.0" xmlns="http://schemas.microsoft.com/developer/msbuild/2003">
  <ItemGroup>
    <Filter Include="Source Files">
      <UniqueIdentifier>{4FC737F1-C7A5-4376-A066-2A32D752A2FF}</UniqueIdentifier>
      <Extensions>cpp;c;cc;cxx;def;odl;idl;hpj;bat;asm;asmx</Extensions>
    </Filter>
    <Filter Include="Header Files">
      <UniqueIdentifier>{93995380-89BD-4b04-88EB-625FBE52EBFB}</UniqueIdentifier>
      <Extensions>h;hh;hpp;hxx;hm;inl;inc;xsd</Extensions>
    </Filter>
    <Filter Include="Resource Files">
      <UniqueIdentifier>{67DA6AB6-F800-4c08-8B7A-83BB121AAD01}</UniqueIdentifier>
      <Extensions>rc;ico;cur;bmp;dlg;rc2;rct;bin;rgs;gif;jpg;jpeg;jpe;resx;tiff;tif;png;wav;mfcribbon-ms</Extensions>
    </Filter>
    <Filter Include="Header Files\Shaders">
      <UniqueIdentifier>{fb60acf7-97ea-4b74-a903-36abeeba95b8}</UniqueIdentifier>
    </Filter>
    <Filter Include="Header Files\Models">
      <UniqueIdentifier>{18eed551-9f3e-4298-9056-07769e9a4f8d}</UniqueIdentifier>
    </Filter>
    <Filter Include="Header Files\Entities">
      <UniqueIdentifier>{8d3a30f4-c1bd-4339-8f70-8cec8fa266e8}</UniqueIdentifier>
    </Filter>
    <Filter Include="Header Files\Textures">
      <UniqueIdentifier>{48ab05c0-34d7-485d-9373-e0907be76589}</UniqueIdentifier>
    </Filter>
    <Filter Include="Header Files\RenderEngine">
      <UniqueIdentifier>{5f453054-92a9-40a0-a9b8-27e58a6f2fba}</UniqueIdentifier>
    </Filter>
    <Filter Include="Header Files\Dependencies">
      <UniqueIdentifier>{950ccbeb-d2e2-431a-8914-025248d12a3d}</UniqueIdentifier>
    </Filter>
    <Filter Include="Header Files\Input">
      <UniqueIdentifier>{b933d84b-def3-457e-bc32-711c2d7c145c}</UniqueIdentifier>
    </Filter>
    <Filter Include="Resource Files\Shaders">
      <UniqueIdentifier>{0367c764-e474-404f-a405-d4f7153ca580}</UniqueIdentifier>
    </Filter>
    <Filter Include="Resource Files\Textures">
      <UniqueIdentifier>{b94eb7a3-90c0-4e9d-b592-1eb2eb3a9ca5}</UniqueIdentifier>
    </Filter>
    <Filter Include="Resource Files\Objects">
      <UniqueIdentifier>{ca5a5bb5-1e05-45c4-9b1b-23eae7ad7ff7}</UniqueIdentifier>
    </Filter>
    <Filter Include="Header Files\Terrains">
      <UniqueIdentifier>{74b61db7-0e8b-44fd-ba0b-5ec1c4b8a9a2}</UniqueIdentifier>
    </Filter>
  </ItemGroup>
  <ItemGroup>
    <ClCompile Include="src\Main.cpp">
      <Filter>Source Files</Filter>
    </ClCompile>
  </ItemGroup>
  <ItemGroup>
    <ClInclude Include="src\Camera.h">
      <Filter>Header Files\Entities</Filter>
    </ClInclude>
    <ClInclude Include="src\Entity.h">
      <Filter>Header Files\Entities</Filter>
    </ClInclude>
    <ClInclude Include="src\dependencies\stb_image.h">
      <Filter>Header Files\Dependencies</Filter>
    </ClInclude>
    <ClInclude Include="src\Texture.h">
      <Filter>Header Files\Textures</Filter>
    </ClInclude>
    <ClInclude Include="src\Window.h">
      <Filter>Header Files\RenderEngine</Filter>
    </ClInclude>
    <ClInclude Include="src\Model.h">
      <Filter>Header Files\Models</Filter>
    </ClInclude>
    <ClInclude Include="src\Mouse.h">
      <Filter>Header Files\Input</Filter>
    </ClInclude>
    <ClInclude Include="src\Keyboard.h">
      <Filter>Header Files\Input</Filter>
    </ClInclude>
    <ClInclude Include="src\Loader.h">
      <Filter>Header Files\RenderEngine</Filter>
    </ClInclude>
    <ClInclude Include="src\Light.h">
      <Filter>Header Files\Entities</Filter>
    </ClInclude>
    <ClInclude Include="src\MasterRenderer.h">
      <Filter>Header Files\RenderEngine</Filter>
    </ClInclude>
    <ClInclude Include="src\TexturedModel.h">
      <Filter>Header Files\Textures</Filter>
    </ClInclude>
    <ClInclude Include="src\Terrain.h">
      <Filter>Header Files\Terrains</Filter>
    </ClInclude>
    <ClInclude Include="src\TerrainShader.h">
      <Filter>Header Files\Shaders</Filter>
    </ClInclude>
    <ClInclude Include="src\ShaderProgram.h">
      <Filter>Header Files\Shaders</Filter>
    </ClInclude>
    <ClInclude Include="src\TerrainRenderer.h">
      <Filter>Header Files\RenderEngine</Filter>
    </ClInclude>
    <ClInclude Include="src\EntityRenderer.h">
      <Filter>Header Files\RenderEngine</Filter>
    </ClInclude>
    <ClInclude Include="src\EntityShader.h">
      <Filter>Header Files\Shaders</Filter>
    </ClInclude>
  </ItemGroup>
  <ItemGroup>
    <Image Include="res\textures\wall.jpg">
      <Filter>Resource Files\Textures</Filter>
    </Image>
    <Image Include="res\textures\container.jpg">
      <Filter>Resource Files\Textures</Filter>
    </Image>
    <Image Include="res\textures\falcon.jpg">
      <Filter>Resource Files\Textures</Filter>
    </Image>
    <Image Include="res\textures\stallTexture.png">
      <Filter>Resource Files\Textures</Filter>
    </Image>
    <Image Include="res\textures\white.png">
      <Filter>Resource Files\Textures</Filter>
    </Image>
    <Image Include="res\textures\grass.png">
      <Filter>Resource Files\Textures</Filter>
    </Image>
    <Image Include="res\textures\image.png">
      <Filter>Resource Files\Textures</Filter>
    </Image>
    <Image Include="res\textures\tree.png">
      <Filter>Resource Files\Textures</Filter>
    </Image>
    <Image Include="res\textures\fern.png">
      <Filter>Resource Files</Filter>
    </Image>
    <Image Include="res\textures\flower.png">
      <Filter>Resource Files</Filter>
    </Image>
    <Image Include="res\textures\grassy.png">
      <Filter>Resource Files</Filter>
    </Image>
    <Image Include="res\textures\grassTexture.png">
      <Filter>Resource Files</Filter>
    </Image>
    <Image Include="res\textures\lowPolyTree.png">
      <Filter>Resource Files</Filter>
    </Image>
  </ItemGroup>
  <ItemGroup>
    <None Include="res\shaders\triangle.shader">
      <Filter>Resource Files\Shaders</Filter>
    </None>
    <None Include="res\objects\stall.obj">
      <Filter>Resource Files\Objects</Filter>
    </None>
    <None Include="res\objects\dragon.obj">
      <Filter>Resource Files\Objects</Filter>
    </None>
    <None Include="res\objects\millenium-falcon.obj">
      <Filter>Resource Files\Objects</Filter>
    </None>
    <None Include="res\shaders\terrain.shader">
      <Filter>Resource Files\Shaders</Filter>
    </None>
    <None Include="res\objects\tree.obj">
      <Filter>Resource Files\Objects</Filter>
    </None>
    <None Include="res\objects\bunny.obj">
      <Filter>Resource Files\Objects</Filter>
    </None>
    <None Include="res\objects\exampleOBJ.obj">
      <Filter>Resource Files\Objects</Filter>
    </None>
  </ItemGroup>
  <ItemGroup>
    <Object Include="res\objects\drone.obj" />
    <Object Include="res\objects\fern.obj" />
    <Object Include="res\objects\grassModel.obj" />
    <Object Include="res\objects\lowPolyTree.obj" />
  </ItemGroup>
</Project>