<?xml version="1.0" encoding="utf-8"?>
<Project ToolsVersion="4.0" xmlns="http://schemas.microsoft.com/developer/msbuild/2003">
  <ItemGroup>
    <Filter Include="Source Files">
      <UniqueIdentifier>{4FC737F1-C7A5-4376-A066-2A32D752A2FF}</UniqueIdentifier>
      <Extensions>cpp;c;cc;cxx;def;odl;idl;hpj;bat;asm;asmx</Extensions>
    </Filter>
    <Filter Include="Header Files">
      <UniqueIdentifier>{93995380-89BD-4b04-88EB-625FBE52EBFB}</UniqueIdentifier>
      <Extensions>h;hh;hpp;hxx;hm;inl;inc;xsd</Extensions>
    </Filter>
    <Filter Include="Resource Files">
      <UniqueIdentifier>{67DA6AB6-F800-4c08-8B7A-83BB121AAD01}</UniqueIdentifier>
      <Extensions>rc;ico;cur;bmp;dlg;rc2;rct;bin;rgs;gif;jpg;jpeg;jpe;resx;tiff;tif;png;wav;mfcribbon-ms</Extensions>
    </Filter>
    <Filter Include="Resource Files\Shaders">
      <UniqueIdentifier>{0367c764-e474-404f-a405-d4f7153ca580}</UniqueIdentifier>
    </Filter>
    <Filter Include="Resource Files\Textures">
      <UniqueIdentifier>{b94eb7a3-90c0-4e9d-b592-1eb2eb3a9ca5}</UniqueIdentifier>
    </Filter>
    <Filter Include="Resource Files\Objects">
      <UniqueIdentifier>{ca5a5bb5-1e05-45c4-9b1b-23eae7ad7ff7}</UniqueIdentifier>
    </Filter>
    <Filter Include="Source Files\Entities">
      <UniqueIdentifier>{8d3a30f4-c1bd-4339-8f70-8cec8fa266e8}</UniqueIdentifier>
    </Filter>
    <Filter Include="Source Files\Input">
      <UniqueIdentifier>{b933d84b-def3-457e-bc32-711c2d7c145c}</UniqueIdentifier>
    </Filter>
    <Filter Include="Source Files\Models">
      <UniqueIdentifier>{18eed551-9f3e-4298-9056-07769e9a4f8d}</UniqueIdentifier>
    </Filter>
    <Filter Include="Source Files\RenderEngine">
      <UniqueIdentifier>{5f453054-92a9-40a0-a9b8-27e58a6f2fba}</UniqueIdentifier>
    </Filter>
    <Filter Include="Source Files\Terrains">
      <UniqueIdentifier>{74b61db7-0e8b-44fd-ba0b-5ec1c4b8a9a2}</UniqueIdentifier>
    </Filter>
    <Filter Include="Source Files\Textures">
      <UniqueIdentifier>{48ab05c0-34d7-485d-9373-e0907be76589}</UniqueIdentifier>
    </Filter>
    <Filter Include="Header Files\Dependencies">
      <UniqueIdentifier>{950ccbeb-d2e2-431a-8914-025248d12a3d}</UniqueIdentifier>
    </Filter>
    <Filter Include="Source Files\Utilities">
      <UniqueIdentifier>{aaa0e133-e772-4b44-a625-4eb4acef8869}</UniqueIdentifier>
    </Filter>
    <Filter Include="Source Files\GUIs">
      <UniqueIdentifier>{fc264f92-bea9-4516-872a-b4fcd40b2fa5}</UniqueIdentifier>
    </Filter>
    <Filter Include="Source Files\Skybox">
      <UniqueIdentifier>{a82f8194-6aac-43cd-ba5d-cc97bce7000a}</UniqueIdentifier>
    </Filter>
  </ItemGroup>
  <ItemGroup>
    <ClCompile Include="src\Main.cpp">
      <Filter>Source Files</Filter>
    </ClCompile>
    <ClCompile Include="src\Keyboard.cpp">
      <Filter>Source Files\Input</Filter>
    </ClCompile>
    <ClCompile Include="src\Mouse.cpp">
      <Filter>Source Files\Input</Filter>
    </ClCompile>
    <ClCompile Include="src\Scroll.cpp">
      <Filter>Source Files\Input</Filter>
    </ClCompile>
  </ItemGroup>
  <ItemGroup>
    <ClInclude Include="src\Camera.h">
      <Filter>Source Files\Entities</Filter>
    </ClInclude>
    <ClInclude Include="src\Entity.h">
      <Filter>Source Files\Entities</Filter>
    </ClInclude>
    <ClInclude Include="src\dependencies\stb_image.h">
      <Filter>Header Files\Dependencies</Filter>
    </ClInclude>
    <ClInclude Include="src\Texture.h">
      <Filter>Source Files\Textures</Filter>
    </ClInclude>
    <ClInclude Include="src\Window.h">
      <Filter>Source Files\RenderEngine</Filter>
    </ClInclude>
    <ClInclude Include="src\Model.h">
      <Filter>Source Files\Models</Filter>
    </ClInclude>
    <ClInclude Include="src\Mouse.h">
      <Filter>Source Files\Input</Filter>
    </ClInclude>
    <ClInclude Include="src\Keyboard.h">
      <Filter>Source Files\Input</Filter>
    </ClInclude>
    <ClInclude Include="src\Loader.h">
      <Filter>Source Files\RenderEngine</Filter>
    </ClInclude>
    <ClInclude Include="src\Light.h">
      <Filter>Source Files\Entities</Filter>
    </ClInclude>
    <ClInclude Include="src\MasterRenderer.h">
      <Filter>Source Files\RenderEngine</Filter>
    </ClInclude>
    <ClInclude Include="src\TexturedModel.h">
      <Filter>Source Files\Textures</Filter>
    </ClInclude>
    <ClInclude Include="src\Terrain.h">
      <Filter>Source Files\Terrains</Filter>
    </ClInclude>
    <ClInclude Include="src\TerrainTexture.h">
      <Filter>Source Files\Textures</Filter>
    </ClInclude>
    <ClInclude Include="src\TerrainTexturePack.h">
      <Filter>Source Files\Textures</Filter>
    </ClInclude>
    <ClInclude Include="src\Player.h">
      <Filter>Source Files\Entities</Filter>
    </ClInclude>
    <ClInclude Include="src\Scroll.h">
      <Filter>Source Files\Input</Filter>
    </ClInclude>
    <ClInclude Include="src\Image.h">
      <Filter>Source Files\RenderEngine</Filter>
    </ClInclude>
    <ClInclude Include="src\Math.h">
      <Filter>Source Files\Utilities</Filter>
    </ClInclude>
    <ClInclude Include="src\GuiTexture.h">
      <Filter>Source Files\GUIs</Filter>
    </ClInclude>
    <ClInclude Include="src\EntityRenderer.h">
      <Filter>Source Files\Entities</Filter>
    </ClInclude>
    <ClInclude Include="src\EntityShader.h">
      <Filter>Source Files\Entities</Filter>
    </ClInclude>
    <ClInclude Include="src\TerrainRenderer.h">
      <Filter>Source Files\Terrains</Filter>
    </ClInclude>
    <ClInclude Include="src\TerrainShader.h">
      <Filter>Source Files\Terrains</Filter>
    </ClInclude>
    <ClInclude Include="src\ShaderProgram.h">
      <Filter>Source Files</Filter>
    </ClInclude>
    <ClInclude Include="src\Debug.h">
      <Filter>Source Files</Filter>
    </ClInclude>
    <ClInclude Include="src\GuiShader.h">
      <Filter>Source Files\GUIs</Filter>
    </ClInclude>
    <ClInclude Include="src\GuiRenderer.h">
      <Filter>Source Files\GUIs</Filter>
    </ClInclude>
    <ClInclude Include="src\SkyboxRenderer.h">
      <Filter>Source Files\Skybox</Filter>
    </ClInclude>
    <ClInclude Include="src\SkyboxShader.h">
      <Filter>Source Files\Skybox</Filter>
    </ClInclude>
  </ItemGroup>
  <ItemGroup>
    <Image Include="res\textures\wall.jpg">
      <Filter>Resource Files\Textures</Filter>
    </Image>
    <Image Include="res\textures\container.jpg">
      <Filter>Resource Files\Textures</Filter>
    </Image>
    <Image Include="res\textures\falcon.jpg">
      <Filter>Resource Files\Textures</Filter>
    </Image>
    <Image Include="res\textures\stallTexture.png">
      <Filter>Resource Files\Textures</Filter>
    </Image>
    <Image Include="res\textures\white.png">
      <Filter>Resource Files\Textures</Filter>
    </Image>
    <Image Include="res\textures\grass.png">
      <Filter>Resource Files\Textures</Filter>
    </Image>
    <Image Include="res\textures\image.png">
      <Filter>Resource Files\Textures</Filter>
    </Image>
    <Image Include="res\textures\tree.png">
      <Filter>Resource Files\Textures</Filter>
    </Image>
    <Image Include="res\textures\fern.png">
      <Filter>Resource Files\Textures</Filter>
    </Image>
    <Image Include="res\textures\flower.png">
      <Filter>Resource Files\Textures</Filter>
    </Image>
    <Image Include="res\textures\grassTexture.png">
      <Filter>Resource Files\Textures</Filter>
    </Image>
    <Image Include="res\textures\grassy.png">
      <Filter>Resource Files\Textures</Filter>
    </Image>
    <Image Include="res\textures\lowPolyTree.png">
      <Filter>Resource Files\Textures</Filter>
    </Image>
    <Image Include="res\textures\path.png">
      <Filter>Resource Files\Textures</Filter>
    </Image>
    <Image Include="res\textures\blendMap.png">
      <Filter>Resource Files\Textures</Filter>
    </Image>
    <Image Include="res\textures\grassFlowers.png">
      <Filter>Resource Files\Textures</Filter>
    </Image>
    <Image Include="res\textures\grassy2.png">
      <Filter>Resource Files\Textures</Filter>
    </Image>
    <Image Include="res\textures\mud.png">
      <Filter>Resource Files\Textures</Filter>
    </Image>
    <Image Include="res\textures\playerTexture.png">
      <Filter>Resource Files\Textures</Filter>
    </Image>
    <Image Include="res\textures\heightmap.png">
      <Filter>Resource Files\Textures</Filter>
    </Image>
    <Image Include="res\textures\test.png">
      <Filter>Resource Files\Textures</Filter>
    </Image>
    <Image Include="res\textures\box.png">
      <Filter>Resource Files\Textures</Filter>
    </Image>
    <Image Include="res\textures\dirt.png">
      <Filter>Resource Files\Textures</Filter>
    </Image>
    <Image Include="res\textures\fernAtlas.png">
      <Filter>Resource Files\Textures</Filter>
    </Image>
    <Image Include="res\textures\grassy3.png">
      <Filter>Resource Files\Textures</Filter>
    </Image>
    <Image Include="res\textures\health.png">
      <Filter>Resource Files\Textures</Filter>
    </Image>
    <Image Include="res\textures\heightmap perlin.jpg">
      <Filter>Resource Files\Textures</Filter>
    </Image>
    <Image Include="res\textures\mossPath256.png">
      <Filter>Resource Files\Textures</Filter>
    </Image>
    <Image Include="res\textures\pine.png">
      <Filter>Resource Files\Textures</Filter>
    </Image>
    <Image Include="res\textures\pinkFlowers.png">
      <Filter>Resource Files\Textures</Filter>
    </Image>
    <Image Include="res\textures\socuwan.png">
      <Filter>Resource Files\Textures</Filter>
    </Image>
    <Image Include="res\textures\thinmatrix.png">
      <Filter>Resource Files\Textures</Filter>
    </Image>
  </ItemGroup>
  <ItemGroup>
    <None Include="res\objects\stall.obj">
      <Filter>Resource Files\Objects</Filter>
    </None>
    <None Include="res\objects\dragon.obj">
      <Filter>Resource Files\Objects</Filter>
    </None>
    <None Include="res\objects\millenium-falcon.obj">
      <Filter>Resource Files\Objects</Filter>
    </None>
    <None Include="res\shaders\terrain.shader">
      <Filter>Resource Files\Shaders</Filter>
    </None>
    <None Include="res\objects\tree.obj">
      <Filter>Resource Files\Objects</Filter>
    </None>
    <None Include="res\objects\bunny.obj">
      <Filter>Resource Files\Objects</Filter>
    </None>
    <None Include="res\objects\exampleOBJ.obj">
      <Filter>Resource Files\Objects</Filter>
    </None>
    <None Include="res\objects\lowPolyTree.obj">
      <Filter>Resource Files\Objects</Filter>
    </None>
    <None Include="res\objects\drone.obj">
      <Filter>Resource Files\Objects</Filter>
    </None>
    <None Include="res\objects\fern.obj">
      <Filter>Resource Files\Objects</Filter>
    </None>
    <None Include="res\objects\grassModel.obj">
      <Filter>Resource Files\Objects</Filter>
    </None>
    <None Include="res\shaders\entity.shader">
      <Filter>Resource Files\Shaders</Filter>
    </None>
    <None Include="res\objects\grass.obj">
      <Filter>Resource Files\Objects</Filter>
    </None>
    <None Include="res\objects\person.obj">
      <Filter>Resource Files\Objects</Filter>
    </None>
    <None Include="res\shaders\skybox.shader">
      <Filter>Resource Files\Shaders</Filter>
    </None>
    <None Include="res\shaders\gui.shader">
      <Filter>Resource Files\Shaders</Filter>
    </None>
    <None Include="res\objects\stanfordBunny.obj">
      <Filter>Resource Files\Objects</Filter>
    </None>
    <None Include="res\objects\box.obj">
      <Filter>Resource Files\Objects</Filter>
    </None>
    <None Include="res\objects\lamp.obj">
      <Filter>Resource Files\Objects</Filter>
    </None>
    <None Include="res\objects\pine.obj">
      <Filter>Resource Files\Objects</Filter>
    </None>
  </ItemGroup>
</Project>